{
  "version": 4,
  "terraform_version": "1.5.7",
  "serial": 22,
  "lineage": "beb8faea-9fff-e525-4d28-e8d7bc931fe1",
  "outputs": {
    "cloudtrail_arn": {
      "value": "arn:aws:cloudtrail:us-east-1:650251687026:trail/org-security-trail",
      "type": "string"
    },
    "cloudtrail_bucket_name": {
      "value": "ohad-cloudtrail-logs-dev-2025",
      "type": "string"
    },
    "kms_key_arn": {
      "value": "arn:aws:kms:us-east-1:650251687026:key/7dd8261e-6e1c-4812-a342-26aa31e0886c",
      "type": "string"
    }
  },
  "resources": [
    {
      "mode": "data",
      "type": "aws_caller_identity",
      "name": "current",
      "provider": "provider[\"registry.terraform.io/hashicorp/aws\"]",
      "instances": [
        {
          "schema_version": 0,
          "attributes": {
            "account_id": "650251687026",
            "arn": "arn:aws:iam::650251687026:user/ohad_sandbox",
            "id": "650251687026",
            "user_id": "AIDAZOZQFKRZOETG57NY5"
          },
          "sensitive_attributes": []
        }
      ]
    },
    {
      "mode": "managed",
      "type": "aws_cloudtrail",
      "name": "main",
      "provider": "provider[\"registry.terraform.io/hashicorp/aws\"]",
      "instances": [
        {
          "schema_version": 1,
          "attributes": {
            "advanced_event_selector": [],
            "arn": "arn:aws:cloudtrail:us-east-1:650251687026:trail/org-security-trail",
            "cloud_watch_logs_group_arn": "",
            "cloud_watch_logs_role_arn": "",
            "enable_log_file_validation": false,
            "enable_logging": true,
            "event_selector": [
              {
                "data_resource": [
                  {
                    "type": "AWS::S3::Object",
                    "values": [
                      "arn:aws:s3:::"
                    ]
                  },
                  {
                    "type": "AWS::Lambda::Function",
                    "values": [
                      "arn:aws:lambda"
                    ]
                  }
                ],
                "exclude_management_event_sources": null,
                "include_management_events": true,
                "read_write_type": "All"
              }
            ],
            "home_region": "us-east-1",
            "id": "arn:aws:cloudtrail:us-east-1:650251687026:trail/org-security-trail",
            "include_global_service_events": true,
            "insight_selector": [],
            "is_multi_region_trail": true,
            "is_organization_trail": false,
            "kms_key_id": "arn:aws:kms:us-east-1:650251687026:key/7dd8261e-6e1c-4812-a342-26aa31e0886c",
            "name": "org-security-trail",
            "region": "us-east-1",
            "s3_bucket_name": "ohad-cloudtrail-logs-dev-2025",
            "s3_key_prefix": "",
            "sns_topic_arn": "",
            "sns_topic_name": "",
            "tags": {
              "Environment": "dev",
              "Owner": "Ohad Antebi",
              "Project": "AWS-Security-Logging-Pipeline"
            },
            "tags_all": {
              "Environment": "dev",
              "Owner": "Ohad Antebi",
              "Project": "AWS-Security-Logging-Pipeline"
            }
          },
          "sensitive_attributes": [],
          "private": "eyJzY2hlbWFfdmVyc2lvbiI6IjEifQ==",
          "dependencies": [
            "aws_kms_key.cloudtrail_key",
            "aws_s3_bucket.cloudtrail_logs",
            "data.aws_caller_identity.current"
          ]
        }
      ]
    },
    {
      "mode": "managed",
      "type": "aws_guardduty_detector",
      "name": "main",
      "provider": "provider[\"registry.terraform.io/hashicorp/aws\"]",
      "instances": [
        {
          "schema_version": 0,
          "attributes": {
            "account_id": "650251687026",
            "arn": "arn:aws:guardduty:us-east-1:650251687026:detector/c0cb604233187f85aa236f6f3925cda6",
            "datasources": [
              {
                "kubernetes": [
                  {
                    "audit_logs": [
                      {
                        "enable": true
                      }
                    ]
                  }
                ],
                "malware_protection": [
                  {
                    "scan_ec2_instance_with_findings": [
                      {
                        "ebs_volumes": [
                          {
                            "enable": true
                          }
                        ]
                      }
                    ]
                  }
                ],
                "s3_logs": [
                  {
                    "enable": true
                  }
                ]
              }
            ],
            "enable": true,
            "finding_publishing_frequency": "SIX_HOURS",
            "id": "c0cb604233187f85aa236f6f3925cda6",
            "region": "us-east-1",
            "tags": {
              "Environment": "dev",
              "Owner": "Ohad Antebi",
              "Project": "AWS-Security-Logging-Pipeline"
            },
            "tags_all": {
              "Environment": "dev",
              "Owner": "Ohad Antebi",
              "Project": "AWS-Security-Logging-Pipeline"
            }
          },
          "sensitive_attributes": [],
          "private": "bnVsbA=="
        }
      ]
    },
    {
      "mode": "managed",
      "type": "aws_kms_key",
      "name": "cloudtrail_key",
      "provider": "provider[\"registry.terraform.io/hashicorp/aws\"]",
      "instances": [
        {
          "schema_version": 0,
          "attributes": {
            "arn": "arn:aws:kms:us-east-1:650251687026:key/7dd8261e-6e1c-4812-a342-26aa31e0886c",
            "bypass_policy_lockout_safety_check": false,
            "custom_key_store_id": "",
            "customer_master_key_spec": "SYMMETRIC_DEFAULT",
            "deletion_window_in_days": 10,
            "description": "KMS key for encrypting CloudTrail logs",
            "enable_key_rotation": true,
            "id": "7dd8261e-6e1c-4812-a342-26aa31e0886c",
            "is_enabled": true,
            "key_id": "7dd8261e-6e1c-4812-a342-26aa31e0886c",
            "key_usage": "ENCRYPT_DECRYPT",
            "multi_region": false,
            "policy": "{\"Id\":\"key-cloudtrail-policy\",\"Statement\":[{\"Action\":[\"kms:GenerateDataKey*\",\"kms:Decrypt\",\"kms:Encrypt\",\"kms:ReEncrypt*\",\"kms:DescribeKey\"],\"Condition\":{\"StringEquals\":{\"kms:EncryptionContext:aws:cloudtrail:arn\":\"arn:aws:cloudtrail:us-east-1:650251687026:trail/org-security-trail\"}},\"Effect\":\"Allow\",\"Principal\":{\"Service\":\"cloudtrail.amazonaws.com\"},\"Resource\":\"*\",\"Sid\":\"Allow CloudTrail Logs\"},{\"Action\":\"kms:*\",\"Effect\":\"Allow\",\"Principal\":{\"AWS\":\"arn:aws:iam::650251687026:root\"},\"Resource\":\"*\",\"Sid\":\"Allow account to use the key\"}],\"Version\":\"2012-10-17\"}",
            "region": "us-east-1",
            "rotation_period_in_days": 365,
            "tags": {},
            "tags_all": {},
            "timeouts": null,
            "xks_key_id": ""
          },
          "sensitive_attributes": [],
          "private": "eyJlMmJmYjczMC1lY2FhLTExZTYtOGY4OC0zNDM2M2JjN2M0YzAiOnsiY3JlYXRlIjoxMjAwMDAwMDAwMDB9fQ==",
          "dependencies": [
            "data.aws_caller_identity.current"
          ]
        }
      ]
    },
    {
      "mode": "managed",
      "type": "aws_s3_bucket",
      "name": "cloudtrail_logs",
      "provider": "provider[\"registry.terraform.io/hashicorp/aws\"]",
      "instances": [
        {
          "schema_version": 0,
          "attributes": {
            "acceleration_status": "",
            "acl": null,
            "arn": "arn:aws:s3:::ohad-cloudtrail-logs-dev-2025",
            "bucket": "ohad-cloudtrail-logs-dev-2025",
            "bucket_domain_name": "ohad-cloudtrail-logs-dev-2025.s3.amazonaws.com",
            "bucket_prefix": "",
            "bucket_region": "us-east-1",
            "bucket_regional_domain_name": "ohad-cloudtrail-logs-dev-2025.s3.us-east-1.amazonaws.com",
            "cors_rule": [],
            "force_destroy": false,
            "grant": [
              {
                "id": "437e4a8cd3371fb2edc85171e13ea50650122637e6b9008776cb7f001a14d524",
                "permissions": [
                  "FULL_CONTROL"
                ],
                "type": "CanonicalUser",
                "uri": ""
              }
            ],
            "hosted_zone_id": "Z3AQBSTGFYJSTF",
            "id": "ohad-cloudtrail-logs-dev-2025",
            "lifecycle_rule": [],
            "logging": [],
            "object_lock_configuration": [],
            "object_lock_enabled": false,
            "policy": "{\"Statement\":[{\"Action\":\"s3:GetBucketAcl\",\"Effect\":\"Allow\",\"Principal\":{\"Service\":\"cloudtrail.amazonaws.com\"},\"Resource\":\"arn:aws:s3:::ohad-cloudtrail-logs-dev-2025\",\"Sid\":\"AWSCloudTrailAclCheck\"},{\"Action\":\"s3:PutObject\",\"Condition\":{\"StringEquals\":{\"s3:x-amz-acl\":\"bucket-owner-full-control\"}},\"Effect\":\"Allow\",\"Principal\":{\"Service\":\"cloudtrail.amazonaws.com\"},\"Resource\":\"arn:aws:s3:::ohad-cloudtrail-logs-dev-2025/AWSLogs/650251687026/*\",\"Sid\":\"AWSCloudTrailWrite\"},{\"Action\":\"s3:*\",\"Condition\":{\"Bool\":{\"aws:SecureTransport\":\"false\"}},\"Effect\":\"Deny\",\"Principal\":\"*\",\"Resource\":[\"arn:aws:s3:::ohad-cloudtrail-logs-dev-2025\",\"arn:aws:s3:::ohad-cloudtrail-logs-dev-2025/*\"],\"Sid\":\"DenyInsecureTransport\"}],\"Version\":\"2012-10-17\"}",
            "region": "us-east-1",
            "replication_configuration": [],
            "request_payer": "BucketOwner",
            "server_side_encryption_configuration": [
              {
                "rule": [
                  {
                    "apply_server_side_encryption_by_default": [
                      {
                        "kms_master_key_id": "arn:aws:kms:us-east-1:650251687026:key/7dd8261e-6e1c-4812-a342-26aa31e0886c",
                        "sse_algorithm": "aws:kms"
                      }
                    ],
                    "bucket_key_enabled": false
                  }
                ]
              }
            ],
            "tags": {
              "Environment": "dev",
              "Owner": "Ohad Antebi",
              "Project": "AWS-Security-Logging-Pipeline"
            },
            "tags_all": {
              "Environment": "dev",
              "Owner": "Ohad Antebi",
              "Project": "AWS-Security-Logging-Pipeline"
            },
            "timeouts": null,
            "versioning": [
              {
                "enabled": true,
                "mfa_delete": false
              }
            ],
            "website": [],
            "website_domain": null,
            "website_endpoint": null
          },
          "sensitive_attributes": [],
          "private": "eyJlMmJmYjczMC1lY2FhLTExZTYtOGY4OC0zNDM2M2JjN2M0YzAiOnsiY3JlYXRlIjoxMjAwMDAwMDAwMDAwLCJkZWxldGUiOjM2MDAwMDAwMDAwMDAsInJlYWQiOjEyMDAwMDAwMDAwMDAsInVwZGF0ZSI6MTIwMDAwMDAwMDAwMH19"
        }
      ]
    },
    {
      "mode": "managed",
      "type": "aws_s3_bucket_policy",
      "name": "cloudtrail_policy",
      "provider": "provider[\"registry.terraform.io/hashicorp/aws\"]",
      "instances": [
        {
          "schema_version": 0,
          "attributes": {
            "bucket": "ohad-cloudtrail-logs-dev-2025",
            "id": "ohad-cloudtrail-logs-dev-2025",
            "policy": "{\"Statement\":[{\"Action\":\"s3:GetBucketAcl\",\"Effect\":\"Allow\",\"Principal\":{\"Service\":\"cloudtrail.amazonaws.com\"},\"Resource\":\"arn:aws:s3:::ohad-cloudtrail-logs-dev-2025\",\"Sid\":\"AWSCloudTrailAclCheck\"},{\"Action\":\"s3:PutObject\",\"Condition\":{\"StringEquals\":{\"s3:x-amz-acl\":\"bucket-owner-full-control\"}},\"Effect\":\"Allow\",\"Principal\":{\"Service\":\"cloudtrail.amazonaws.com\"},\"Resource\":\"arn:aws:s3:::ohad-cloudtrail-logs-dev-2025/AWSLogs/650251687026/*\",\"Sid\":\"AWSCloudTrailWrite\"},{\"Action\":\"s3:*\",\"Condition\":{\"Bool\":{\"aws:SecureTransport\":\"false\"}},\"Effect\":\"Deny\",\"Principal\":\"*\",\"Resource\":[\"arn:aws:s3:::ohad-cloudtrail-logs-dev-2025\",\"arn:aws:s3:::ohad-cloudtrail-logs-dev-2025/*\"],\"Sid\":\"DenyInsecureTransport\"}],\"Version\":\"2012-10-17\"}",
            "region": "us-east-1"
          },
          "sensitive_attributes": [],
          "private": "bnVsbA==",
          "dependencies": [
            "aws_s3_bucket.cloudtrail_logs",
            "data.aws_caller_identity.current"
          ]
        }
      ]
    },
    {
      "mode": "managed",
      "type": "aws_s3_bucket_public_access_block",
      "name": "public_access",
      "provider": "provider[\"registry.terraform.io/hashicorp/aws\"]",
      "instances": [
        {
          "schema_version": 0,
          "attributes": {
            "block_public_acls": true,
            "block_public_policy": true,
            "bucket": "ohad-cloudtrail-logs-dev-2025",
            "id": "ohad-cloudtrail-logs-dev-2025",
            "ignore_public_acls": true,
            "region": "us-east-1",
            "restrict_public_buckets": true
          },
          "sensitive_attributes": [],
          "private": "bnVsbA==",
          "dependencies": [
            "aws_s3_bucket.cloudtrail_logs"
          ]
        }
      ]
    },
    {
      "mode": "managed",
      "type": "aws_s3_bucket_server_side_encryption_configuration",
      "name": "encryption",
      "provider": "provider[\"registry.terraform.io/hashicorp/aws\"]",
      "instances": [
        {
          "schema_version": 0,
          "attributes": {
            "bucket": "ohad-cloudtrail-logs-dev-2025",
            "expected_bucket_owner": "",
            "id": "ohad-cloudtrail-logs-dev-2025",
            "region": "us-east-1",
            "rule": [
              {
                "apply_server_side_encryption_by_default": [
                  {
                    "kms_master_key_id": "arn:aws:kms:us-east-1:650251687026:key/7dd8261e-6e1c-4812-a342-26aa31e0886c",
                    "sse_algorithm": "aws:kms"
                  }
                ],
                "bucket_key_enabled": false
              }
            ]
          },
          "sensitive_attributes": [],
          "private": "bnVsbA==",
          "dependencies": [
            "aws_kms_key.cloudtrail_key",
            "aws_s3_bucket.cloudtrail_logs",
            "data.aws_caller_identity.current"
          ]
        }
      ]
    },
    {
      "mode": "managed",
      "type": "aws_s3_bucket_versioning",
      "name": "versioning",
      "provider": "provider[\"registry.terraform.io/hashicorp/aws\"]",
      "instances": [
        {
          "schema_version": 0,
          "attributes": {
            "bucket": "ohad-cloudtrail-logs-dev-2025",
            "expected_bucket_owner": "",
            "id": "ohad-cloudtrail-logs-dev-2025",
            "mfa": null,
            "region": "us-east-1",
            "versioning_configuration": [
              {
                "mfa_delete": "",
                "status": "Enabled"
              }
            ]
          },
          "sensitive_attributes": [],
          "private": "bnVsbA==",
          "dependencies": [
            "aws_s3_bucket.cloudtrail_logs"
          ]
        }
      ]
    }
  ],
  "check_results": null
}
